
Microsoft Visual Studio Solution File, Format Version 12.00
# Visual Studio Version 16
VisualStudioVersion = 16.0.29709.97
MinimumVisualStudioVersion = 10.0.40219.1
Project("{FAE04EC0-301F-11D3-BF4B-00C04F79EFBC}") = "Huain", "Huain\Huain.csproj", "{81071B0B-87BE-4DCE-B678-E17AC85C69BE}"
EndProject
Global
	GlobalSection(SolutionConfigurationPlatforms) = preSolution
		Debug|Any CPU = Debug|Any CPU
		Release|Any CPU = Release|Any CPU
	EndGlobalSection
	GlobalSection(ProjectConfigurationPlatforms) = postSolution
		{81071B0B-87BE-4DCE-B678-E17AC85C69BE}.Debug|Any CPU.ActiveCfg = Debug|Any CPU
		{81071B0B-87BE-4DCE-B678-E17AC85C69BE}.Debug|Any CPU.Build.0 = Debug|Any CPU
		{81071B0B-87BE-4DCE-B678-E17AC85C69BE}.Release|Any CPU.ActiveCfg = Release|Any CPU
		{81071B0B-87BE-4DCE-B678-E17AC85C69BE}.Release|Any CPU.Build.0 = Release|Any CPU
	EndGlobalSection
	GlobalSection(SolutionProperties) = preSolution
		HideSolutionNode = FALSE
	EndGlobalSection
	GlobalSection(ExtensibilityGlobals) = postSolution
		SolutionGuid = {07CF725B-9D20-4533-9B8C-D184AC3667A7}
	EndGlobalSection
EndGlobal
